
Microsoft Visual Studio Solution File, Format Version 12.00
Project("{FAE04EC0-301F-11D3-BF4B-00C04F79EFBC}") = "CarCompanies", "CarCompanies\CarCompanies.csproj", "{59B14987-7B7A-4202-9500-F734711A88DE}"
EndProject
Project("{2150E333-8FDC-42A3-9474-1A3956D46DE8}") = "tests", "tests", "{2737C274-798C-435F-ADED-04BB8717CEFA}"
EndProject
Project("{FAE04EC0-301F-11D3-BF4B-00C04F79EFBC}") = "CarCompaniesTest", "CarCompaniesTest\CarCompaniesTest.csproj", "{C53C2B22-8A7F-4191-AFB7-00AC9FCD182D}"
EndProject
Global
	GlobalSection(SolutionConfigurationPlatforms) = preSolution
		Debug|Any CPU = Debug|Any CPU
		Release|Any CPU = Release|Any CPU
	EndGlobalSection
	GlobalSection(ProjectConfigurationPlatforms) = postSolution
		{59B14987-7B7A-4202-9500-F734711A88DE}.Debug|Any CPU.ActiveCfg = Debug|Any CPU
		{59B14987-7B7A-4202-9500-F734711A88DE}.Debug|Any CPU.Build.0 = Debug|Any CPU
		{59B14987-7B7A-4202-9500-F734711A88DE}.Release|Any CPU.ActiveCfg = Release|Any CPU
		{59B14987-7B7A-4202-9500-F734711A88DE}.Release|Any CPU.Build.0 = Release|Any CPU
		{C53C2B22-8A7F-4191-AFB7-00AC9FCD182D}.Debug|Any CPU.ActiveCfg = Debug|Any CPU
		{C53C2B22-8A7F-4191-AFB7-00AC9FCD182D}.Debug|Any CPU.Build.0 = Debug|Any CPU
		{C53C2B22-8A7F-4191-AFB7-00AC9FCD182D}.Release|Any CPU.ActiveCfg = Release|Any CPU
		{C53C2B22-8A7F-4191-AFB7-00AC9FCD182D}.Release|Any CPU.Build.0 = Release|Any CPU
	EndGlobalSection
	GlobalSection(NestedProjects) = preSolution
		{C53C2B22-8A7F-4191-AFB7-00AC9FCD182D} = {2737C274-798C-435F-ADED-04BB8717CEFA}
	EndGlobalSection
EndGlobal
